
Microsoft Visual Studio Solution File, Format Version 12.00
# Visual Studio Version 17
VisualStudioVersion = 17.7.34018.315
MinimumVisualStudioVersion = 10.0.40219.1
Project("{FAE04EC0-301F-11D3-BF4B-00C04F79EFBC}") = "UPC.RRHH.WF", "UPC.RRHH.WF\UPC.RRHH.WF.csproj", "{9CABA857-CB38-40E3-B901-D017DFE5CCD3}"
EndProject
Project("{FAE04EC0-301F-11D3-BF4B-00C04F79EFBC}") = "UPC.RRHH.DA", "UPC.RRHH.DA\UPC.RRHH.DA.csproj", "{E3BB2B43-446F-4D0C-834E-3E8BF87B92F8}"
EndProject
Project("{FAE04EC0-301F-11D3-BF4B-00C04F79EFBC}") = "UPC.RRHH.BL", "UPC.RRHH.BL\UPC.RRHH.BL.csproj", "{A5C150E4-C270-412E-9234-1A416A76517D}"
EndProject
Project("{FAE04EC0-301F-11D3-BF4B-00C04F79EFBC}") = "UPC.RRHH.BE", "UPC.RRHH.BE\UPC.RRHH.BE.csproj", "{707AE2AB-8F83-4F0A-8B13-ABD612447B11}"
EndProject
Project("{FAE04EC0-301F-11D3-BF4B-00C04F79EFBC}") = "UPC.RRHH.EF", "UPC.RRHH.EF\UPC.RRHH.EF.csproj", "{3CE3DB26-2976-4B20-8C43-4C3F7715CA1A}"
EndProject
Project("{2150E333-8FDC-42A3-9474-1A3956D46DE8}") = "00.Entities", "00.Entities", "{EAFD901F-A45C-4008-9137-7F996DC678ED}"
EndProject
Project("{2150E333-8FDC-42A3-9474-1A3956D46DE8}") = "01.DataAccess", "01.DataAccess", "{18337802-B5BB-4310-B4AB-0321D8C6C502}"
EndProject
Project("{2150E333-8FDC-42A3-9474-1A3956D46DE8}") = "02.BusinessLogic", "02.BusinessLogic", "{04BEF7CB-C4C6-4AF5-9AFE-5BD9D65E2124}"
EndProject
Project("{2150E333-8FDC-42A3-9474-1A3956D46DE8}") = "03.Presentacion", "03.Presentacion", "{10EC8F62-38EC-46A4-8CD8-655EA2C099BA}"
EndProject
Global
	GlobalSection(SolutionConfigurationPlatforms) = preSolution
		Debug|Any CPU = Debug|Any CPU
		Release|Any CPU = Release|Any CPU
	EndGlobalSection
	GlobalSection(ProjectConfigurationPlatforms) = postSolution
		{9CABA857-CB38-40E3-B901-D017DFE5CCD3}.Debug|Any CPU.ActiveCfg = Debug|Any CPU
		{9CABA857-CB38-40E3-B901-D017DFE5CCD3}.Debug|Any CPU.Build.0 = Debug|Any CPU
		{9CABA857-CB38-40E3-B901-D017DFE5CCD3}.Release|Any CPU.ActiveCfg = Release|Any CPU
		{9CABA857-CB38-40E3-B901-D017DFE5CCD3}.Release|Any CPU.Build.0 = Release|Any CPU
		{E3BB2B43-446F-4D0C-834E-3E8BF87B92F8}.Debug|Any CPU.ActiveCfg = Debug|Any CPU
		{E3BB2B43-446F-4D0C-834E-3E8BF87B92F8}.Debug|Any CPU.Build.0 = Debug|Any CPU
		{E3BB2B43-446F-4D0C-834E-3E8BF87B92F8}.Release|Any CPU.ActiveCfg = Release|Any CPU
		{E3BB2B43-446F-4D0C-834E-3E8BF87B92F8}.Release|Any CPU.Build.0 = Release|Any CPU
		{A5C150E4-C270-412E-9234-1A416A76517D}.Debug|Any CPU.ActiveCfg = Debug|Any CPU
		{A5C150E4-C270-412E-9234-1A416A76517D}.Debug|Any CPU.Build.0 = Debug|Any CPU
		{A5C150E4-C270-412E-9234-1A416A76517D}.Release|Any CPU.ActiveCfg = Release|Any CPU
		{A5C150E4-C270-412E-9234-1A416A76517D}.Release|Any CPU.Build.0 = Release|Any CPU
		{707AE2AB-8F83-4F0A-8B13-ABD612447B11}.Debug|Any CPU.ActiveCfg = Debug|Any CPU
		{707AE2AB-8F83-4F0A-8B13-ABD612447B11}.Debug|Any CPU.Build.0 = Debug|Any CPU
		{707AE2AB-8F83-4F0A-8B13-ABD612447B11}.Release|Any CPU.ActiveCfg = Release|Any CPU
		{707AE2AB-8F83-4F0A-8B13-ABD612447B11}.Release|Any CPU.Build.0 = Release|Any CPU
		{3CE3DB26-2976-4B20-8C43-4C3F7715CA1A}.Debug|Any CPU.ActiveCfg = Debug|Any CPU
		{3CE3DB26-2976-4B20-8C43-4C3F7715CA1A}.Debug|Any CPU.Build.0 = Debug|Any CPU
		{3CE3DB26-2976-4B20-8C43-4C3F7715CA1A}.Release|Any CPU.ActiveCfg = Release|Any CPU
		{3CE3DB26-2976-4B20-8C43-4C3F7715CA1A}.Release|Any CPU.Build.0 = Release|Any CPU
	EndGlobalSection
	GlobalSection(SolutionProperties) = preSolution
		HideSolutionNode = FALSE
	EndGlobalSection
	GlobalSection(NestedProjects) = preSolution
		{9CABA857-CB38-40E3-B901-D017DFE5CCD3} = {10EC8F62-38EC-46A4-8CD8-655EA2C099BA}
		{E3BB2B43-446F-4D0C-834E-3E8BF87B92F8} = {18337802-B5BB-4310-B4AB-0321D8C6C502}
		{A5C150E4-C270-412E-9234-1A416A76517D} = {04BEF7CB-C4C6-4AF5-9AFE-5BD9D65E2124}
		{707AE2AB-8F83-4F0A-8B13-ABD612447B11} = {EAFD901F-A45C-4008-9137-7F996DC678ED}
		{3CE3DB26-2976-4B20-8C43-4C3F7715CA1A} = {EAFD901F-A45C-4008-9137-7F996DC678ED}
	EndGlobalSection
	GlobalSection(ExtensibilityGlobals) = postSolution
		SolutionGuid = {9150898F-0EE7-462A-8E90-A8B616C9275A}
	EndGlobalSection
EndGlobal
